
Microsoft Visual Studio Solution File, Format Version 12.00
# Visual Studio Version 17
VisualStudioVersion = 17.0.31903.59
MinimumVisualStudioVersion = 10.0.40219.1
Project("{FAE04EC0-301F-11D3-BF4B-00C04F79EFBC}") = "HelloWorld", "HelloWorld\HelloWorld.csproj", "{D87696A8-F509-437C-BD1A-5459F6A039AD}"
EndProject
Project("{FAE04EC0-301F-11D3-BF4B-00C04F79EFBC}") = "PraticandoConceitos", "PraticandoConceitos\PraticandoConceitos.csproj", "{D0B095C3-2F43-484C-907E-EEF6E6A6F97B}"
EndProject
Global
	GlobalSection(SolutionConfigurationPlatforms) = preSolution
		Debug|Any CPU = Debug|Any CPU
		Release|Any CPU = Release|Any CPU
	EndGlobalSection
	GlobalSection(SolutionProperties) = preSolution
		HideSolutionNode = FALSE
	EndGlobalSection
	GlobalSection(ProjectConfigurationPlatforms) = postSolution
		{D87696A8-F509-437C-BD1A-5459F6A039AD}.Debug|Any CPU.ActiveCfg = Debug|Any CPU
		{D87696A8-F509-437C-BD1A-5459F6A039AD}.Debug|Any CPU.Build.0 = Debug|Any CPU
		{D87696A8-F509-437C-BD1A-5459F6A039AD}.Release|Any CPU.ActiveCfg = Release|Any CPU
		{D87696A8-F509-437C-BD1A-5459F6A039AD}.Release|Any CPU.Build.0 = Release|Any CPU
		{D0B095C3-2F43-484C-907E-EEF6E6A6F97B}.Debug|Any CPU.ActiveCfg = Debug|Any CPU
		{D0B095C3-2F43-484C-907E-EEF6E6A6F97B}.Debug|Any CPU.Build.0 = Debug|Any CPU
		{D0B095C3-2F43-484C-907E-EEF6E6A6F97B}.Release|Any CPU.ActiveCfg = Release|Any CPU
		{D0B095C3-2F43-484C-907E-EEF6E6A6F97B}.Release|Any CPU.Build.0 = Release|Any CPU
	EndGlobalSection
EndGlobal
